
Microsoft Visual Studio Solution File, Format Version 12.00
# Visual Studio 2013
VisualStudioVersion = 12.0.21005.1
MinimumVisualStudioVersion = 10.0.40219.1
Project("{FAE04EC0-301F-11D3-BF4B-00C04F79EFBC}") = "Xceed.Data", "Xceed.Data\Xceed.Data.csproj", "{51F8A854-FDFB-4FE2-8263-320BBDE95F6F}"
EndProject
Project("{FAE04EC0-301F-11D3-BF4B-00C04F79EFBC}") = "Xceed.Model", "Xceed.Model\Xceed.Model.csproj", "{B07872E3-3818-49CD-9BD8-58B482FDEAA3}"
EndProject
Project("{FAE04EC0-301F-11D3-BF4B-00C04F79EFBC}") = "UserInterfaceMvc", "UserInterfaceMvc\UserInterfaceMvc.csproj", "{4429430A-33BB-4FBD-8026-146358B7EE66}"
EndProject
Global
	GlobalSection(SolutionConfigurationPlatforms) = preSolution
		Debug|Any CPU = Debug|Any CPU
		Release|Any CPU = Release|Any CPU
	EndGlobalSection
	GlobalSection(ProjectConfigurationPlatforms) = postSolution
		{51F8A854-FDFB-4FE2-8263-320BBDE95F6F}.Debug|Any CPU.ActiveCfg = Debug|Any CPU
		{51F8A854-FDFB-4FE2-8263-320BBDE95F6F}.Debug|Any CPU.Build.0 = Debug|Any CPU
		{51F8A854-FDFB-4FE2-8263-320BBDE95F6F}.Release|Any CPU.ActiveCfg = Release|Any CPU
		{51F8A854-FDFB-4FE2-8263-320BBDE95F6F}.Release|Any CPU.Build.0 = Release|Any CPU
		{B07872E3-3818-49CD-9BD8-58B482FDEAA3}.Debug|Any CPU.ActiveCfg = Debug|Any CPU
		{B07872E3-3818-49CD-9BD8-58B482FDEAA3}.Debug|Any CPU.Build.0 = Debug|Any CPU
		{B07872E3-3818-49CD-9BD8-58B482FDEAA3}.Release|Any CPU.ActiveCfg = Release|Any CPU
		{B07872E3-3818-49CD-9BD8-58B482FDEAA3}.Release|Any CPU.Build.0 = Release|Any CPU
		{4429430A-33BB-4FBD-8026-146358B7EE66}.Debug|Any CPU.ActiveCfg = Debug|Any CPU
		{4429430A-33BB-4FBD-8026-146358B7EE66}.Debug|Any CPU.Build.0 = Debug|Any CPU
		{4429430A-33BB-4FBD-8026-146358B7EE66}.Release|Any CPU.ActiveCfg = Release|Any CPU
		{4429430A-33BB-4FBD-8026-146358B7EE66}.Release|Any CPU.Build.0 = Release|Any CPU
	EndGlobalSection
	GlobalSection(SolutionProperties) = preSolution
		HideSolutionNode = FALSE
	EndGlobalSection
EndGlobal
